
Microsoft Visual Studio Solution File, Format Version 12.00
# Visual Studio Version 17
VisualStudioVersion = 17.7.34202.233
MinimumVisualStudioVersion = 10.0.40219.1
Project("{FAE04EC0-301F-11D3-BF4B-00C04F79EFBC}") = "lab3_release_sobota_rano", "lab3_release_sobota_rano\lab3_release_sobota_rano.csproj", "{7ED98A2C-C132-4C2C-84D9-C7C40A99593E}"
EndProject
Global
	GlobalSection(SolutionConfigurationPlatforms) = preSolution
		Debug|Any CPU = Debug|Any CPU
		Release|Any CPU = Release|Any CPU
	EndGlobalSection
	GlobalSection(ProjectConfigurationPlatforms) = postSolution
		{7ED98A2C-C132-4C2C-84D9-C7C40A99593E}.Debug|Any CPU.ActiveCfg = Debug|Any CPU
		{7ED98A2C-C132-4C2C-84D9-C7C40A99593E}.Debug|Any CPU.Build.0 = Debug|Any CPU
		{7ED98A2C-C132-4C2C-84D9-C7C40A99593E}.Release|Any CPU.ActiveCfg = Release|Any CPU
		{7ED98A2C-C132-4C2C-84D9-C7C40A99593E}.Release|Any CPU.Build.0 = Release|Any CPU
	EndGlobalSection
	GlobalSection(SolutionProperties) = preSolution
		HideSolutionNode = FALSE
	EndGlobalSection
	GlobalSection(ExtensibilityGlobals) = postSolution
		SolutionGuid = {47988D0C-04F4-48FF-A851-49501697287A}
	EndGlobalSection
EndGlobal
